// !$*UTF8*$!
{
	archiveVersion = 1;
	classes = {
	};
	objectVersion = 77;
	objects = {

/* Begin PBXContainerItemProxy section */
		CEF923252DF0BAD500E6B0F7 /* PBXContainerItemProxy */ = {
			isa = PBXContainerItemProxy;
			containerPortal = CEF9230B2DF0BAD300E6B0F7 /* Project object */;
			proxyType = 1;
			remoteGlobalIDString = CEF923122DF0BAD300E6B0F7;
			remoteInfo = ObsidianHotCornerPreview;
		};
		CEF9232F2DF0BAD500E6B0F7 /* PBXContainerItemProxy */ = {
			isa = PBXContainerItemProxy;
			containerPortal = CEF9230B2DF0BAD300E6B0F7 /* Project object */;
			proxyType = 1;
			remoteGlobalIDString = CEF923122DF0BAD300E6B0F7;
			remoteInfo = ObsidianHotCornerPreview;
		};
/* End PBXContainerItemProxy section */

/* Begin PBXFileReference section */
		CEF923132DF0BAD300E6B0F7 /* ObsidianHotCornerPreview.app */ = {isa = PBXFileReference; explicitFileType = wrapper.application; includeInIndex = 0; path = ObsidianHotCornerPreview.app; sourceTree = BUILT_PRODUCTS_DIR; };
		CEF923242DF0BAD500E6B0F7 /* ObsidianHotCornerPreviewTests.xctest */ = {isa = PBXFileReference; explicitFileType = wrapper.cfbundle; includeInIndex = 0; path = ObsidianHotCornerPreviewTests.xctest; sourceTree = BUILT_PRODUCTS_DIR; };
		CEF9232E2DF0BAD500E6B0F7 /* ObsidianHotCornerPreviewUITests.xctest */ = {isa = PBXFileReference; explicitFileType = wrapper.cfbundle; includeInIndex = 0; path = ObsidianHotCornerPreviewUITests.xctest; sourceTree = BUILT_PRODUCTS_DIR; };
/* End PBXFileReference section */

/* Begin PBXFileSystemSynchronizedRootGroup section */
		CEF923152DF0BAD300E6B0F7 /* ObsidianHotCornerPreview */ = {
			isa = PBXFileSystemSynchronizedRootGroup;
			path = ObsidianHotCornerPreview;
			sourceTree = "<group>";
		};
		CEF923272DF0BAD500E6B0F7 /* ObsidianHotCornerPreviewTests */ = {
			isa = PBXFileSystemSynchronizedRootGroup;
			path = ObsidianHotCornerPreviewTests;
			sourceTree = "<group>";
		};
		CEF923312DF0BAD500E6B0F7 /* ObsidianHotCornerPreviewUITests */ = {
			isa = PBXFileSystemSynchronizedRootGroup;
			path = ObsidianHotCornerPreviewUITests;
			sourceTree = "<group>";
		};
/* End PBXFileSystemSynchronizedRootGroup section */

/* Begin PBXFrameworksBuildPhase section */
		CEF923102DF0BAD300E6B0F7 /* Frameworks */ = {
			isa = PBXFrameworksBuildPhase;
			buildActionMask = 2147483647;
			files = (
			);
			runOnlyForDeploymentPostprocessing = 0;
		};
		CEF923212DF0BAD500E6B0F7 /* Frameworks */ = {
			isa = PBXFrameworksBuildPhase;
			buildActionMask = 2147483647;
			files = (
			);
			runOnlyForDeploymentPostprocessing = 0;
		};
		CEF9232B2DF0BAD500E6B0F7 /* Frameworks */ = {
			isa = PBXFrameworksBuildPhase;
			buildActionMask = 2147483647;
			files = (
			);
			runOnlyForDeploymentPostprocessing = 0;
		};
/* End PBXFrameworksBuildPhase section */

/* Begin PBXGroup section */
		CEF9230A2DF0BAD300E6B0F7 = {
			isa = PBXGroup;
			children = (
				CEF923152DF0BAD300E6B0F7 /* ObsidianHotCornerPreview */,
				CEF923272DF0BAD500E6B0F7 /* ObsidianHotCornerPreviewTests */,
				CEF923312DF0BAD500E6B0F7 /* ObsidianHotCornerPreviewUITests */,
				CEF923142DF0BAD300E6B0F7 /* Products */,
			);
			sourceTree = "<group>";
		};
		CEF923142DF0BAD300E6B0F7 /* Products */ = {
			isa = PBXGroup;
			children = (
				CEF923132DF0BAD300E6B0F7 /* ObsidianHotCornerPreview.app */,
				CEF923242DF0BAD500E6B0F7 /* ObsidianHotCornerPreviewTests.xctest */,
				CEF9232E2DF0BAD500E6B0F7 /* ObsidianHotCornerPreviewUITests.xctest */,
			);
			name = Products;
			sourceTree = "<group>";
		};
/* End PBXGroup section */

/* Begin PBXNativeTarget section */
		CEF923122DF0BAD300E6B0F7 /* ObsidianHotCornerPreview */ = {
			isa = PBXNativeTarget;
			buildConfigurationList = CEF923382DF0BAD500E6B0F7 /* Build configuration list for PBXNativeTarget "ObsidianHotCornerPreview" */;
			buildPhases = (
				CEF9230F2DF0BAD300E6B0F7 /* Sources */,
				CEF923102DF0BAD300E6B0F7 /* Frameworks */,
				CEF923112DF0BAD300E6B0F7 /* Resources */,
			);
			buildRules = (
			);
			dependencies = (
			);
			fileSystemSynchronizedGroups = (
				CEF923152DF0BAD300E6B0F7 /* ObsidianHotCornerPreview */,
			);
			name = ObsidianHotCornerPreview;
			packageProductDependencies = (
			);
			productName = ObsidianHotCornerPreview;
			productReference = CEF923132DF0BAD300E6B0F7 /* ObsidianHotCornerPreview.app */;
			productType = "com.apple.product-type.application";
		};
		CEF923232DF0BAD500E6B0F7 /* ObsidianHotCornerPreviewTests */ = {
			isa = PBXNativeTarget;
			buildConfigurationList = CEF9233B2DF0BAD500E6B0F7 /* Build configuration list for PBXNativeTarget "ObsidianHotCornerPreviewTests" */;
			buildPhases = (
				CEF923202DF0BAD500E6B0F7 /* Sources */,
				CEF923212DF0BAD500E6B0F7 /* Frameworks */,
				CEF923222DF0BAD500E6B0F7 /* Resources */,
			);
			buildRules = (
			);
			dependencies = (
				CEF923262DF0BAD500E6B0F7 /* PBXTargetDependency */,
			);
			fileSystemSynchronizedGroups = (
				CEF923272DF0BAD500E6B0F7 /* ObsidianHotCornerPreviewTests */,
			);
			name = ObsidianHotCornerPreviewTests;
			packageProductDependencies = (
			);
			productName = ObsidianHotCornerPreviewTests;
			productReference = CEF923242DF0BAD500E6B0F7 /* ObsidianHotCornerPreviewTests.xctest */;
			productType = "com.apple.product-type.bundle.unit-test";
		};
		CEF9232D2DF0BAD500E6B0F7 /* ObsidianHotCornerPreviewUITests */ = {
			isa = PBXNativeTarget;
			buildConfigurationList = CEF9233E2DF0BAD500E6B0F7 /* Build configuration list for PBXNativeTarget "ObsidianHotCornerPreviewUITests" */;
			buildPhases = (
				CEF9232A2DF0BAD500E6B0F7 /* Sources */,
				CEF9232B2DF0BAD500E6B0F7 /* Frameworks */,
				CEF9232C2DF0BAD500E6B0F7 /* Resources */,
			);
			buildRules = (
			);
			dependencies = (
				CEF923302DF0BAD500E6B0F7 /* PBXTargetDependency */,
			);
			fileSystemSynchronizedGroups = (
				CEF923312DF0BAD500E6B0F7 /* ObsidianHotCornerPreviewUITests */,
			);
			name = ObsidianHotCornerPreviewUITests;
			packageProductDependencies = (
			);
			productName = ObsidianHotCornerPreviewUITests;
			productReference = CEF9232E2DF0BAD500E6B0F7 /* ObsidianHotCornerPreviewUITests.xctest */;
			productType = "com.apple.product-type.bundle.ui-testing";
		};
/* End PBXNativeTarget section */

/* Begin PBXProject section */
		CEF9230B2DF0BAD300E6B0F7 /* Project object */ = {
			isa = PBXProject;
			attributes = {
				BuildIndependentTargetsInParallel = 1;
				LastSwiftUpdateCheck = 1610;
				LastUpgradeCheck = 1610;
				TargetAttributes = {
					CEF923122DF0BAD300E6B0F7 = {
						CreatedOnToolsVersion = 16.1;
					};
					CEF923232DF0BAD500E6B0F7 = {
						CreatedOnToolsVersion = 16.1;
						TestTargetID = CEF923122DF0BAD300E6B0F7;
					};
					CEF9232D2DF0BAD500E6B0F7 = {
						CreatedOnToolsVersion = 16.1;
						TestTargetID = CEF923122DF0BAD300E6B0F7;
					};
				};
			};
			buildConfigurationList = CEF9230E2DF0BAD300E6B0F7 /* Build configuration list for PBXProject "ObsidianHotCornerPreview" */;
			developmentRegion = en;
			hasScannedForEncodings = 0;
			knownRegions = (
				en,
				Base,
			);
			mainGroup = CEF9230A2DF0BAD300E6B0F7;
			minimizedProjectReferenceProxies = 1;
			preferredProjectObjectVersion = 77;
			productRefGroup = CEF923142DF0BAD300E6B0F7 /* Products */;
			projectDirPath = "";
			projectRoot = "";
			targets = (
				CEF923122DF0BAD300E6B0F7 /* ObsidianHotCornerPreview */,
				CEF923232DF0BAD500E6B0F7 /* ObsidianHotCornerPreviewTests */,
				CEF9232D2DF0BAD500E6B0F7 /* ObsidianHotCornerPreviewUITests */,
			);
		};
/* End PBXProject section */

/* Begin PBXResourcesBuildPhase section */
		CEF923112DF0BAD300E6B0F7 /* Resources */ = {
			isa = PBXResourcesBuildPhase;
			buildActionMask = 2147483647;
			files = (
			);
			runOnlyForDeploymentPostprocessing = 0;
		};
		CEF923222DF0BAD500E6B0F7 /* Resources */ = {
			isa = PBXResourcesBuildPhase;
			buildActionMask = 2147483647;
			files = (
			);
			runOnlyForDeploymentPostprocessing = 0;
		};
		CEF9232C2DF0BAD500E6B0F7 /* Resources */ = {
			isa = PBXResourcesBuildPhase;
			buildActionMask = 2147483647;
			files = (
			);
			runOnlyForDeploymentPostprocessing = 0;
		};
/* End PBXResourcesBuildPhase section */

/* Begin PBXSourcesBuildPhase section */
		CEF9230F2DF0BAD300E6B0F7 /* Sources */ = {
			isa = PBXSourcesBuildPhase;
			buildActionMask = 2147483647;
			files = (
			);
			runOnlyForDeploymentPostprocessing = 0;
		};
		CEF923202DF0BAD500E6B0F7 /* Sources */ = {
			isa = PBXSourcesBuildPhase;
			buildActionMask = 2147483647;
			files = (
			);
			runOnlyForDeploymentPostprocessing = 0;
		};
		CEF9232A2DF0BAD500E6B0F7 /* Sources */ = {
			isa = PBXSourcesBuildPhase;
			buildActionMask = 2147483647;
			files = (
			);
			runOnlyForDeploymentPostprocessing = 0;
		};
/* End PBXSourcesBuildPhase section */

/* Begin PBXTargetDependency section */
		CEF923262DF0BAD500E6B0F7 /* PBXTargetDependency */ = {
			isa = PBXTargetDependency;
			target = CEF923122DF0BAD300E6B0F7 /* ObsidianHotCornerPreview */;
			targetProxy = CEF923252DF0BAD500E6B0F7 /* PBXContainerItemProxy */;
		};
		CEF923302DF0BAD500E6B0F7 /* PBXTargetDependency */ = {
			isa = PBXTargetDependency;
			target = CEF923122DF0BAD300E6B0F7 /* ObsidianHotCornerPreview */;
			targetProxy = CEF9232F2DF0BAD500E6B0F7 /* PBXContainerItemProxy */;
		};
/* End PBXTargetDependency section */

/* Begin XCBuildConfiguration section */
		CEF923362DF0BAD500E6B0F7 /* Debug */ = {
			isa = XCBuildConfiguration;
			buildSettings = {
				ALWAYS_SEARCH_USER_PATHS = NO;
				ASSETCATALOG_COMPILER_GENERATE_SWIFT_ASSET_SYMBOL_EXTENSIONS = YES;
				CLANG_ANALYZER_NONNULL = YES;
				CLANG_ANALYZER_NUMBER_OBJECT_CONVERSION = YES_AGGRESSIVE;
				CLANG_CXX_LANGUAGE_STANDARD = "gnu++20";
				CLANG_ENABLE_MODULES = YES;
				CLANG_ENABLE_OBJC_ARC = YES;
				CLANG_ENABLE_OBJC_WEAK = YES;
				CLANG_WARN_BLOCK_CAPTURE_AUTORELEASING = YES;
				CLANG_WARN_BOOL_CONVERSION = YES;
				CLANG_WARN_COMMA = YES;
				CLANG_WARN_CONSTANT_CONVERSION = YES;
				CLANG_WARN_DEPRECATED_OBJC_IMPLEMENTATIONS = YES;
				CLANG_WARN_DIRECT_OBJC_ISA_USAGE = YES_ERROR;
				CLANG_WARN_DOCUMENTATION_COMMENTS = YES;
				CLANG_WARN_EMPTY_BODY = YES;
				CLANG_WARN_ENUM_CONVERSION = YES;
				CLANG_WARN_INFINITE_RECURSION = YES;
				CLANG_WARN_INT_CONVERSION = YES;
				CLANG_WARN_NON_LITERAL_NULL_CONVERSION = YES;
				CLANG_WARN_OBJC_IMPLICIT_RETAIN_SELF = YES;
				CLANG_WARN_OBJC_LITERAL_CONVERSION = YES;
				CLANG_WARN_OBJC_ROOT_CLASS = YES_ERROR;
				CLANG_WARN_QUOTED_INCLUDE_IN_FRAMEWORK_HEADER = YES;
				CLANG_WARN_RANGE_LOOP_ANALYSIS = YES;
				CLANG_WARN_STRICT_PROTOTYPES = YES;
				CLANG_WARN_SUSPICIOUS_MOVE = YES;
				CLANG_WARN_UNGUARDED_AVAILABILITY = YES_AGGRESSIVE;
				CLANG_WARN_UNREACHABLE_CODE = YES;
				CLANG_WARN__DUPLICATE_METHOD_MATCH = YES;
				COPY_PHASE_STRIP = NO;
				DEBUG_INFORMATION_FORMAT = dwarf;
				ENABLE_STRICT_OBJC_MSGSEND = YES;
				ENABLE_TESTABILITY = YES;
				ENABLE_USER_SCRIPT_SANDBOXING = YES;
				GCC_C_LANGUAGE_STANDARD = gnu17;
				GCC_DYNAMIC_NO_PIC = NO;
				GCC_NO_COMMON_BLOCKS = YES;
				GCC_OPTIMIZATION_LEVEL = 0;
				GCC_PREPROCESSOR_DEFINITIONS = (
					"DEBUG=1",
					"$(inherited)",
				);
				GCC_WARN_64_TO_32_BIT_CONVERSION = YES;
				GCC_WARN_ABOUT_RETURN_TYPE = YES_ERROR;
				GCC_WARN_UNDECLARED_SELECTOR = YES;
				GCC_WARN_UNINITIALIZED_AUTOS = YES_AGGRESSIVE;
				GCC_WARN_UNUSED_FUNCTION = YES;
				GCC_WARN_UNUSED_VARIABLE = YES;
				LOCALIZATION_PREFERS_STRING_CATALOGS = YES;
				MACOSX_DEPLOYMENT_TARGET = 15.1;
				MTL_ENABLE_DEBUG_INFO = INCLUDE_SOURCE;
				MTL_FAST_MATH = YES;
				ONLY_ACTIVE_ARCH = YES;
				SDKROOT = macosx;
				SWIFT_ACTIVE_COMPILATION_CONDITIONS = "DEBUG $(inherited)";
				SWIFT_OPTIMIZATION_LEVEL = "-Onone";
			};
			name = Debug;
		};
		CEF923372DF0BAD500E6B0F7 /* Release */ = {
			isa = XCBuildConfiguration;
			buildSettings = {
				ALWAYS_SEARCH_USER_PATHS = NO;
				ASSETCATALOG_COMPILER_GENERATE_SWIFT_ASSET_SYMBOL_EXTENSIONS = YES;
				CLANG_ANALYZER_NONNULL = YES;
				CLANG_ANALYZER_NUMBER_OBJECT_CONVERSION = YES_AGGRESSIVE;
				CLANG_CXX_LANGUAGE_STANDARD = "gnu++20";
				CLANG_ENABLE_MODULES = YES;
				CLANG_ENABLE_OBJC_ARC = YES;
				CLANG_ENABLE_OBJC_WEAK = YES;
				CLANG_WARN_BLOCK_CAPTURE_AUTORELEASING = YES;
				CLANG_WARN_BOOL_CONVERSION = YES;
				CLANG_WARN_COMMA = YES;
				CLANG_WARN_CONSTANT_CONVERSION = YES;
				CLANG_WARN_DEPRECATED_OBJC_IMPLEMENTATIONS = YES;
				CLANG_WARN_DIRECT_OBJC_ISA_USAGE = YES_ERROR;
				CLANG_WARN_DOCUMENTATION_COMMENTS = YES;
				CLANG_WARN_EMPTY_BODY = YES;
				CLANG_WARN_ENUM_CONVERSION = YES;
				CLANG_WARN_INFINITE_RECURSION = YES;
				CLANG_WARN_INT_CONVERSION = YES;
				CLANG_WARN_NON_LITERAL_NULL_CONVERSION = YES;
				CLANG_WARN_OBJC_IMPLICIT_RETAIN_SELF = YES;
				CLANG_WARN_OBJC_LITERAL_CONVERSION = YES;
				CLANG_WARN_OBJC_ROOT_CLASS = YES_ERROR;
				CLANG_WARN_QUOTED_INCLUDE_IN_FRAMEWORK_HEADER = YES;
				CLANG_WARN_RANGE_LOOP_ANALYSIS = YES;
				CLANG_WARN_STRICT_PROTOTYPES = YES;
				CLANG_WARN_SUSPICIOUS_MOVE = YES;
				CLANG_WARN_UNGUARDED_AVAILABILITY = YES_AGGRESSIVE;
				CLANG_WARN_UNREACHABLE_CODE = YES;
				CLANG_WARN__DUPLICATE_METHOD_MATCH = YES;
				COPY_PHASE_STRIP = NO;
				DEBUG_INFORMATION_FORMAT = "dwarf-with-dsym";
				ENABLE_NS_ASSERTIONS = NO;
				ENABLE_STRICT_OBJC_MSGSEND = YES;
				ENABLE_USER_SCRIPT_SANDBOXING = YES;
				GCC_C_LANGUAGE_STANDARD = gnu17;
				GCC_NO_COMMON_BLOCKS = YES;
				GCC_WARN_64_TO_32_BIT_CONVERSION = YES;
				GCC_WARN_ABOUT_RETURN_TYPE = YES_ERROR;
				GCC_WARN_UNDECLARED_SELECTOR = YES;
				GCC_WARN_UNINITIALIZED_AUTOS = YES_AGGRESSIVE;
				GCC_WARN_UNUSED_FUNCTION = YES;
				GCC_WARN_UNUSED_VARIABLE = YES;
				LOCALIZATION_PREFERS_STRING_CATALOGS = YES;
				MACOSX_DEPLOYMENT_TARGET = 15.1;
				MTL_ENABLE_DEBUG_INFO = NO;
				MTL_FAST_MATH = YES;
				SDKROOT = macosx;
				SWIFT_COMPILATION_MODE = wholemodule;
			};
			name = Release;
		};
		CEF923392DF0BAD500E6B0F7 /* Debug */ = {
			isa = XCBuildConfiguration;
			buildSettings = {
				ASSETCATALOG_COMPILER_APPICON_NAME = AppIcon;
				ASSETCATALOG_COMPILER_GLOBAL_ACCENT_COLOR_NAME = AccentColor;
				CODE_SIGN_ENTITLEMENTS = ObsidianHotCornerPreview/ObsidianHotCornerPreview.entitlements;
				CODE_SIGN_STYLE = Automatic;
				COMBINE_HIDPI_IMAGES = YES;
				CURRENT_PROJECT_VERSION = 1;
				DEVELOPMENT_ASSET_PATHS = "\"ObsidianHotCornerPreview/Preview Content\"";
				ENABLE_PREVIEWS = YES;
				GENERATE_INFOPLIST_FILE = YES;
				INFOPLIST_KEY_NSHumanReadableCopyright = "";
				LD_RUNPATH_SEARCH_PATHS = (
					"$(inherited)",
					"@executable_path/../Frameworks",
				);
				MARKETING_VERSION = 1.0;
				PRODUCT_BUNDLE_IDENTIFIER = UserApp.ObsidianHotCornerPreview;
				PRODUCT_NAME = "$(TARGET_NAME)";
				SWIFT_EMIT_LOC_STRINGS = YES;
				SWIFT_VERSION = 5.0;
			};
			name = Debug;
		};
		CEF9233A2DF0BAD500E6B0F7 /* Release */ = {
			isa = XCBuildConfiguration;
			buildSettings = {
				ASSETCATALOG_COMPILER_APPICON_NAME = AppIcon;
				ASSETCATALOG_COMPILER_GLOBAL_ACCENT_COLOR_NAME = AccentColor;
				CODE_SIGN_ENTITLEMENTS = ObsidianHotCornerPreview/ObsidianHotCornerPreview.entitlements;
				CODE_SIGN_STYLE = Automatic;
				COMBINE_HIDPI_IMAGES = YES;
				CURRENT_PROJECT_VERSION = 1;
				DEVELOPMENT_ASSET_PATHS = "\"ObsidianHotCornerPreview/Preview Content\"";
				ENABLE_PREVIEWS = YES;
				GENERATE_INFOPLIST_FILE = YES;
				INFOPLIST_KEY_NSHumanReadableCopyright = "";
				LD_RUNPATH_SEARCH_PATHS = (
					"$(inherited)",
					"@executable_path/../Frameworks",
				);
				MARKETING_VERSION = 1.0;
				PRODUCT_BUNDLE_IDENTIFIER = UserApp.ObsidianHotCornerPreview;
				PRODUCT_NAME = "$(TARGET_NAME)";
				SWIFT_EMIT_LOC_STRINGS = YES;
				SWIFT_VERSION = 5.0;
			};
			name = Release;
		};
		CEF9233C2DF0BAD500E6B0F7 /* Debug */ = {
			isa = XCBuildConfiguration;
			buildSettings = {
				BUNDLE_LOADER = "$(TEST_HOST)";
				CODE_SIGN_STYLE = Automatic;
				CURRENT_PROJECT_VERSION = 1;
				GENERATE_INFOPLIST_FILE = YES;
				MACOSX_DEPLOYMENT_TARGET = 15.1;
				MARKETING_VERSION = 1.0;
				PRODUCT_BUNDLE_IDENTIFIER = UserApp.ObsidianHotCornerPreviewTests;
				PRODUCT_NAME = "$(TARGET_NAME)";
				SWIFT_EMIT_LOC_STRINGS = NO;
				SWIFT_VERSION = 5.0;
				TEST_HOST = "$(BUILT_PRODUCTS_DIR)/ObsidianHotCornerPreview.app/$(BUNDLE_EXECUTABLE_FOLDER_PATH)/ObsidianHotCornerPreview";
			};
			name = Debug;
		};
		CEF9233D2DF0BAD500E6B0F7 /* Release */ = {
			isa = XCBuildConfiguration;
			buildSettings = {
				BUNDLE_LOADER = "$(TEST_HOST)";
				CODE_SIGN_STYLE = Automatic;
				CURRENT_PROJECT_VERSION = 1;
				GENERATE_INFOPLIST_FILE = YES;
				MACOSX_DEPLOYMENT_TARGET = 15.1;
				MARKETING_VERSION = 1.0;
				PRODUCT_BUNDLE_IDENTIFIER = UserApp.ObsidianHotCornerPreviewTests;
				PRODUCT_NAME = "$(TARGET_NAME)";
				SWIFT_EMIT_LOC_STRINGS = NO;
				SWIFT_VERSION = 5.0;
				TEST_HOST = "$(BUILT_PRODUCTS_DIR)/ObsidianHotCornerPreview.app/$(BUNDLE_EXECUTABLE_FOLDER_PATH)/ObsidianHotCornerPreview";
			};
			name = Release;
		};
		CEF9233F2DF0BAD500E6B0F7 /* Debug */ = {
			isa = XCBuildConfiguration;
			buildSettings = {
				CODE_SIGN_STYLE = Automatic;
				CURRENT_PROJECT_VERSION = 1;
				GENERATE_INFOPLIST_FILE = YES;
				MARKETING_VERSION = 1.0;
				PRODUCT_BUNDLE_IDENTIFIER = UserApp.ObsidianHotCornerPreviewUITests;
				PRODUCT_NAME = "$(TARGET_NAME)";
				SWIFT_EMIT_LOC_STRINGS = NO;
				SWIFT_VERSION = 5.0;
				TEST_TARGET_NAME = ObsidianHotCornerPreview;
			};
			name = Debug;
		};
		CEF923402DF0BAD500E6B0F7 /* Release */ = {
			isa = XCBuildConfiguration;
			buildSettings = {
				CODE_SIGN_STYLE = Automatic;
				CURRENT_PROJECT_VERSION = 1;
				GENERATE_INFOPLIST_FILE = YES;
				MARKETING_VERSION = 1.0;
				PRODUCT_BUNDLE_IDENTIFIER = UserApp.ObsidianHotCornerPreviewUITests;
				PRODUCT_NAME = "$(TARGET_NAME)";
				SWIFT_EMIT_LOC_STRINGS = NO;
				SWIFT_VERSION = 5.0;
				TEST_TARGET_NAME = ObsidianHotCornerPreview;
			};
			name = Release;
		};
/* End XCBuildConfiguration section */

/* Begin XCConfigurationList section */
		CEF9230E2DF0BAD300E6B0F7 /* Build configuration list for PBXProject "ObsidianHotCornerPreview" */ = {
			isa = XCConfigurationList;
			buildConfigurations = (
				CEF923362DF0BAD500E6B0F7 /* Debug */,
				CEF923372DF0BAD500E6B0F7 /* Release */,
			);
			defaultConfigurationIsVisible = 0;
			defaultConfigurationName = Release;
		};
		CEF923382DF0BAD500E6B0F7 /* Build configuration list for PBXNativeTarget "ObsidianHotCornerPreview" */ = {
			isa = XCConfigurationList;
			buildConfigurations = (
				CEF923392DF0BAD500E6B0F7 /* Debug */,
				CEF9233A2DF0BAD500E6B0F7 /* Release */,
			);
			defaultConfigurationIsVisible = 0;
			defaultConfigurationName = Release;
		};
		CEF9233B2DF0BAD500E6B0F7 /* Build configuration list for PBXNativeTarget "ObsidianHotCornerPreviewTests" */ = {
			isa = XCConfigurationList;
			buildConfigurations = (
				CEF9233C2DF0BAD500E6B0F7 /* Debug */,
				CEF9233D2DF0BAD500E6B0F7 /* Release */,
			);
			defaultConfigurationIsVisible = 0;
			defaultConfigurationName = Release;
		};
		CEF9233E2DF0BAD500E6B0F7 /* Build configuration list for PBXNativeTarget "ObsidianHotCornerPreviewUITests" */ = {
			isa = XCConfigurationList;
			buildConfigurations = (
				CEF9233F2DF0BAD500E6B0F7 /* Debug */,
				CEF923402DF0BAD500E6B0F7 /* Release */,
			);
			defaultConfigurationIsVisible = 0;
			defaultConfigurationName = Release;
		};
/* End XCConfigurationList section */
	};
	rootObject = CEF9230B2DF0BAD300E6B0F7 /* Project object */;
}
